// !$*UTF8*$!
{
	archiveVersion = 1;
	classes = {
	};
	objectVersion = 46;
	objects = {

/* Begin PBXBuildFile section */
		B7DC243719F84B3D0076FB47 /* AppDelegate.swift in Sources */ = {isa = PBXBuildFile; fileRef = B7DC243619F84B3D0076FB47 /* AppDelegate.swift */; };
		B7DC243919F84B3D0076FB47 /* ViewController.swift in Sources */ = {isa = PBXBuildFile; fileRef = B7DC243819F84B3D0076FB47 /* ViewController.swift */; };
		B7DC243C19F84B3D0076FB47 /* Main.storyboard in Resources */ = {isa = PBXBuildFile; fileRef = B7DC243A19F84B3D0076FB47 /* Main.storyboard */; };
		B7DC243E19F84B3D0076FB47 /* Images.xcassets in Resources */ = {isa = PBXBuildFile; fileRef = B7DC243D19F84B3D0076FB47 /* Images.xcassets */; };
		B7DC244119F84B3D0076FB47 /* LaunchScreen.xib in Resources */ = {isa = PBXBuildFile; fileRef = B7DC243F19F84B3D0076FB47 /* LaunchScreen.xib */; };
		B7DC244D19F84B3D0076FB47 /* FunFactsTests.swift in Sources */ = {isa = PBXBuildFile; fileRef = B7DC244C19F84B3D0076FB47 /* FunFactsTests.swift */; };
		B7DC245919F879B40076FB47 /* FactBook.swift in Sources */ = {isa = PBXBuildFile; fileRef = B7DC245819F879B40076FB47 /* FactBook.swift */; };
		B7DC245B19F88AD40076FB47 /* ColorWheel.swift in Sources */ = {isa = PBXBuildFile; fileRef = B7DC245A19F88AD40076FB47 /* ColorWheel.swift */; };
/* End PBXBuildFile section */

/* Begin PBXContainerItemProxy section */
		B7DC244719F84B3D0076FB47 /* PBXContainerItemProxy */ = {
			isa = PBXContainerItemProxy;
			containerPortal = B7DC242919F84B3D0076FB47 /* Project object */;
			proxyType = 1;
			remoteGlobalIDString = B7DC243019F84B3D0076FB47;
			remoteInfo = FunFacts;
		};
/* End PBXContainerItemProxy section */

/* Begin PBXFileReference section */
		B7DC243119F84B3D0076FB47 /* FunFacts.app */ = {isa = PBXFileReference; explicitFileType = wrapper.application; includeInIndex = 0; path = FunFacts.app; sourceTree = BUILT_PRODUCTS_DIR; };
		B7DC243519F84B3D0076FB47 /* Info.plist */ = {isa = PBXFileReference; lastKnownFileType = text.plist.xml; path = Info.plist; sourceTree = "<group>"; };
		B7DC243619F84B3D0076FB47 /* AppDelegate.swift */ = {isa = PBXFileReference; lastKnownFileType = sourcecode.swift; path = AppDelegate.swift; sourceTree = "<group>"; };
		B7DC243819F84B3D0076FB47 /* ViewController.swift */ = {isa = PBXFileReference; lastKnownFileType = sourcecode.swift; path = ViewController.swift; sourceTree = "<group>"; };
		B7DC243B19F84B3D0076FB47 /* Base */ = {isa = PBXFileReference; lastKnownFileType = file.storyboard; name = Base; path = Base.lproj/Main.storyboard; sourceTree = "<group>"; };
		B7DC243D19F84B3D0076FB47 /* Images.xcassets */ = {isa = PBXFileReference; lastKnownFileType = folder.assetcatalog; path = Images.xcassets; sourceTree = "<group>"; };
		B7DC244019F84B3D0076FB47 /* Base */ = {isa = PBXFileReference; lastKnownFileType = file.xib; name = Base; path = Base.lproj/LaunchScreen.xib; sourceTree = "<group>"; };
		B7DC244619F84B3D0076FB47 /* FunFactsTests.xctest */ = {isa = PBXFileReference; explicitFileType = wrapper.cfbundle; includeInIndex = 0; path = FunFactsTests.xctest; sourceTree = BUILT_PRODUCTS_DIR; };
		B7DC244B19F84B3D0076FB47 /* Info.plist */ = {isa = PBXFileReference; lastKnownFileType = text.plist.xml; path = Info.plist; sourceTree = "<group>"; };
		B7DC244C19F84B3D0076FB47 /* FunFactsTests.swift */ = {isa = PBXFileReference; lastKnownFileType = sourcecode.swift; path = FunFactsTests.swift; sourceTree = "<group>"; };
		B7DC245619F86B0F0076FB47 /* Scratchpad.playground */ = {isa = PBXFileReference; lastKnownFileType = file.playground; path = Scratchpad.playground; sourceTree = "<group>"; };
		B7DC245819F879B40076FB47 /* FactBook.swift */ = {isa = PBXFileReference; fileEncoding = 4; lastKnownFileType = sourcecode.swift; path = FactBook.swift; sourceTree = "<group>"; };
		B7DC245A19F88AD40076FB47 /* ColorWheel.swift */ = {isa = PBXFileReference; fileEncoding = 4; lastKnownFileType = sourcecode.swift; path = ColorWheel.swift; sourceTree = "<group>"; };
/* End PBXFileReference section */

/* Begin PBXFrameworksBuildPhase section */
		B7DC242E19F84B3D0076FB47 /* Frameworks */ = {
			isa = PBXFrameworksBuildPhase;
			buildActionMask = 2147483647;
			files = (
			);
			runOnlyForDeploymentPostprocessing = 0;
		};
		B7DC244319F84B3D0076FB47 /* Frameworks */ = {
			isa = PBXFrameworksBuildPhase;
			buildActionMask = 2147483647;
			files = (
			);
			runOnlyForDeploymentPostprocessing = 0;
		};
/* End PBXFrameworksBuildPhase section */

/* Begin PBXGroup section */
		B7DC242819F84B3D0076FB47 = {
			isa = PBXGroup;
			children = (
				B7DC243319F84B3D0076FB47 /* FunFacts */,
				B7DC245719F86B1E0076FB47 /* Playgrounds */,
				B7DC244919F84B3D0076FB47 /* FunFactsTests */,
				B7DC243219F84B3D0076FB47 /* Products */,
			);
			sourceTree = "<group>";
		};
		B7DC243219F84B3D0076FB47 /* Products */ = {
			isa = PBXGroup;
			children = (
				B7DC243119F84B3D0076FB47 /* FunFacts.app */,
				B7DC244619F84B3D0076FB47 /* FunFactsTests.xctest */,
			);
			name = Products;
			sourceTree = "<group>";
		};
		B7DC243319F84B3D0076FB47 /* FunFacts */ = {
			isa = PBXGroup;
			children = (
				B7DC243619F84B3D0076FB47 /* AppDelegate.swift */,
				B7DC245819F879B40076FB47 /* FactBook.swift */,
				B7DC245A19F88AD40076FB47 /* ColorWheel.swift */,
				B7DC243819F84B3D0076FB47 /* ViewController.swift */,
				B7DC243A19F84B3D0076FB47 /* Main.storyboard */,
				B7DC243D19F84B3D0076FB47 /* Images.xcassets */,
				B7DC243F19F84B3D0076FB47 /* LaunchScreen.xib */,
				B7DC243419F84B3D0076FB47 /* Supporting Files */,
			);
			path = FunFacts;
			sourceTree = "<group>";
		};
		B7DC243419F84B3D0076FB47 /* Supporting Files */ = {
			isa = PBXGroup;
			children = (
				B7DC243519F84B3D0076FB47 /* Info.plist */,
			);
			name = "Supporting Files";
			sourceTree = "<group>";
		};
		B7DC244919F84B3D0076FB47 /* FunFactsTests */ = {
			isa = PBXGroup;
			children = (
				B7DC244C19F84B3D0076FB47 /* FunFactsTests.swift */,
				B7DC244A19F84B3D0076FB47 /* Supporting Files */,
			);
			path = FunFactsTests;
			sourceTree = "<group>";
		};
		B7DC244A19F84B3D0076FB47 /* Supporting Files */ = {
			isa = PBXGroup;
			children = (
				B7DC244B19F84B3D0076FB47 /* Info.plist */,
			);
			name = "Supporting Files";
			sourceTree = "<group>";
		};
		B7DC245719F86B1E0076FB47 /* Playgrounds */ = {
			isa = PBXGroup;
			children = (
				B7DC245619F86B0F0076FB47 /* Scratchpad.playground */,
			);
			name = Playgrounds;
			sourceTree = "<group>";
		};
/* End PBXGroup section */

/* Begin PBXNativeTarget section */
		B7DC243019F84B3D0076FB47 /* FunFacts */ = {
			isa = PBXNativeTarget;
			buildConfigurationList = B7DC245019F84B3D0076FB47 /* Build configuration list for PBXNativeTarget "FunFacts" */;
			buildPhases = (
				B7DC242D19F84B3D0076FB47 /* Sources */,
				B7DC242E19F84B3D0076FB47 /* Frameworks */,
				B7DC242F19F84B3D0076FB47 /* Resources */,
			);
			buildRules = (
			);
			dependencies = (
			);
			name = FunFacts;
			productName = FunFacts;
			productReference = B7DC243119F84B3D0076FB47 /* FunFacts.app */;
			productType = "com.apple.product-type.application";
		};
		B7DC244519F84B3D0076FB47 /* FunFactsTests */ = {
			isa = PBXNativeTarget;
			buildConfigurationList = B7DC245319F84B3D0076FB47 /* Build configuration list for PBXNativeTarget "FunFactsTests" */;
			buildPhases = (
				B7DC244219F84B3D0076FB47 /* Sources */,
				B7DC244319F84B3D0076FB47 /* Frameworks */,
				B7DC244419F84B3D0076FB47 /* Resources */,
			);
			buildRules = (
			);
			dependencies = (
				B7DC244819F84B3D0076FB47 /* PBXTargetDependency */,
			);
			name = FunFactsTests;
			productName = FunFactsTests;
			productReference = B7DC244619F84B3D0076FB47 /* FunFactsTests.xctest */;
			productType = "com.apple.product-type.bundle.unit-test";
		};
/* End PBXNativeTarget section */

/* Begin PBXProject section */
		B7DC242919F84B3D0076FB47 /* Project object */ = {
			isa = PBXProject;
			attributes = {
				LastUpgradeCheck = 0600;
				ORGANIZATIONNAME = Ripelist;
				TargetAttributes = {
					B7DC243019F84B3D0076FB47 = {
						CreatedOnToolsVersion = 6.0.1;
					};
					B7DC244519F84B3D0076FB47 = {
						CreatedOnToolsVersion = 6.0.1;
						TestTargetID = B7DC243019F84B3D0076FB47;
					};
				};
			};
			buildConfigurationList = B7DC242C19F84B3D0076FB47 /* Build configuration list for PBXProject "FunFacts" */;
			compatibilityVersion = "Xcode 3.2";
			developmentRegion = English;
			hasScannedForEncodings = 0;
			knownRegions = (
				en,
				Base,
			);
			mainGroup = B7DC242819F84B3D0076FB47;
			productRefGroup = B7DC243219F84B3D0076FB47 /* Products */;
			projectDirPath = "";
			projectRoot = "";
			targets = (
				B7DC243019F84B3D0076FB47 /* FunFacts */,
				B7DC244519F84B3D0076FB47 /* FunFactsTests */,
			);
		};
/* End PBXProject section */

/* Begin PBXResourcesBuildPhase section */
		B7DC242F19F84B3D0076FB47 /* Resources */ = {
			isa = PBXResourcesBuildPhase;
			buildActionMask = 2147483647;
			files = (
				B7DC243C19F84B3D0076FB47 /* Main.storyboard in Resources */,
				B7DC244119F84B3D0076FB47 /* LaunchScreen.xib in Resources */,
				B7DC243E19F84B3D0076FB47 /* Images.xcassets in Resources */,
			);
			runOnlyForDeploymentPostprocessing = 0;
		};
		B7DC244419F84B3D0076FB47 /* Resources */ = {
			isa = PBXResourcesBuildPhase;
			buildActionMask = 2147483647;
			files = (
			);
			runOnlyForDeploymentPostprocessing = 0;
		};
/* End PBXResourcesBuildPhase section */

/* Begin PBXSourcesBuildPhase section */
		B7DC242D19F84B3D0076FB47 /* Sources */ = {
			isa = PBXSourcesBuildPhase;
			buildActionMask = 2147483647;
			files = (
				B7DC245919F879B40076FB47 /* FactBook.swift in Sources */,
				B7DC243919F84B3D0076FB47 /* ViewController.swift in Sources */,
				B7DC243719F84B3D0076FB47 /* AppDelegate.swift in Sources */,
				B7DC245B19F88AD40076FB47 /* ColorWheel.swift in Sources */,
			);
			runOnlyForDeploymentPostprocessing = 0;
		};
		B7DC244219F84B3D0076FB47 /* Sources */ = {
			isa = PBXSourcesBuildPhase;
			buildActionMask = 2147483647;
			files = (
				B7DC244D19F84B3D0076FB47 /* FunFactsTests.swift in Sources */,
			);
			runOnlyForDeploymentPostprocessing = 0;
		};
/* End PBXSourcesBuildPhase section */

/* Begin PBXTargetDependency section */
		B7DC244819F84B3D0076FB47 /* PBXTargetDependency */ = {
			isa = PBXTargetDependency;
			target = B7DC243019F84B3D0076FB47 /* FunFacts */;
			targetProxy = B7DC244719F84B3D0076FB47 /* PBXContainerItemProxy */;
		};
/* End PBXTargetDependency section */

/* Begin PBXVariantGroup section */
		B7DC243A19F84B3D0076FB47 /* Main.storyboard */ = {
			isa = PBXVariantGroup;
			children = (
				B7DC243B19F84B3D0076FB47 /* Base */,
			);
			name = Main.storyboard;
			sourceTree = "<group>";
		};
		B7DC243F19F84B3D0076FB47 /* LaunchScreen.xib */ = {
			isa = PBXVariantGroup;
			children = (
				B7DC244019F84B3D0076FB47 /* Base */,
			);
			name = LaunchScreen.xib;
			sourceTree = "<group>";
		};
/* End PBXVariantGroup section */

/* Begin XCBuildConfiguration section */
		B7DC244E19F84B3D0076FB47 /* Debug */ = {
			isa = XCBuildConfiguration;
			buildSettings = {
				ALWAYS_SEARCH_USER_PATHS = NO;
				CLANG_CXX_LANGUAGE_STANDARD = "gnu++0x";
				CLANG_CXX_LIBRARY = "libc++";
				CLANG_ENABLE_MODULES = YES;
				CLANG_ENABLE_OBJC_ARC = YES;
				CLANG_WARN_BOOL_CONVERSION = YES;
				CLANG_WARN_CONSTANT_CONVERSION = YES;
				CLANG_WARN_DIRECT_OBJC_ISA_USAGE = YES_ERROR;
				CLANG_WARN_EMPTY_BODY = YES;
				CLANG_WARN_ENUM_CONVERSION = YES;
				CLANG_WARN_INT_CONVERSION = YES;
				CLANG_WARN_OBJC_ROOT_CLASS = YES_ERROR;
				CLANG_WARN_UNREACHABLE_CODE = YES;
				CLANG_WARN__DUPLICATE_METHOD_MATCH = YES;
				"CODE_SIGN_IDENTITY[sdk=iphoneos*]" = "iPhone Developer";
				COPY_PHASE_STRIP = NO;
				ENABLE_STRICT_OBJC_MSGSEND = YES;
				GCC_C_LANGUAGE_STANDARD = gnu99;
				GCC_DYNAMIC_NO_PIC = NO;
				GCC_OPTIMIZATION_LEVEL = 0;
				GCC_PREPROCESSOR_DEFINITIONS = (
					"DEBUG=1",
					"$(inherited)",
				);
				GCC_SYMBOLS_PRIVATE_EXTERN = NO;
				GCC_WARN_64_TO_32_BIT_CONVERSION = YES;
				GCC_WARN_ABOUT_RETURN_TYPE = YES_ERROR;
				GCC_WARN_UNDECLARED_SELECTOR = YES;
				GCC_WARN_UNINITIALIZED_AUTOS = YES_AGGRESSIVE;
				GCC_WARN_UNUSED_FUNCTION = YES;
				GCC_WARN_UNUSED_VARIABLE = YES;
				IPHONEOS_DEPLOYMENT_TARGET = 8.0;
				MTL_ENABLE_DEBUG_INFO = YES;
				ONLY_ACTIVE_ARCH = YES;
				SDKROOT = iphoneos;
				SWIFT_OPTIMIZATION_LEVEL = "-Onone";
			};
			name = Debug;
		};
		B7DC244F19F84B3D0076FB47 /* Release */ = {
			isa = XCBuildConfiguration;
			buildSettings = {
				ALWAYS_SEARCH_USER_PATHS = NO;
				CLANG_CXX_LANGUAGE_STANDARD = "gnu++0x";
				CLANG_CXX_LIBRARY = "libc++";
				CLANG_ENABLE_MODULES = YES;
				CLANG_ENABLE_OBJC_ARC = YES;
				CLANG_WARN_BOOL_CONVERSION = YES;
				CLANG_WARN_CONSTANT_CONVERSION = YES;
				CLANG_WARN_DIRECT_OBJC_ISA_USAGE = YES_ERROR;
				CLANG_WARN_EMPTY_BODY = YES;
				CLANG_WARN_ENUM_CONVERSION = YES;
				CLANG_WARN_INT_CONVERSION = YES;
				CLANG_WARN_OBJC_ROOT_CLASS = YES_ERROR;
				CLANG_WARN_UNREACHABLE_CODE = YES;
				CLANG_WARN__DUPLICATE_METHOD_MATCH = YES;
				"CODE_SIGN_IDENTITY[sdk=iphoneos*]" = "iPhone Developer";
				COPY_PHASE_STRIP = YES;
				ENABLE_NS_ASSERTIONS = NO;
				ENABLE_STRICT_OBJC_MSGSEND = YES;
				GCC_C_LANGUAGE_STANDARD = gnu99;
				GCC_WARN_64_TO_32_BIT_CONVERSION = YES;
				GCC_WARN_ABOUT_RETURN_TYPE = YES_ERROR;
				GCC_WARN_UNDECLARED_SELECTOR = YES;
				GCC_WARN_UNINITIALIZED_AUTOS = YES_AGGRESSIVE;
				GCC_WARN_UNUSED_FUNCTION = YES;
				GCC_WARN_UNUSED_VARIABLE = YES;
				IPHONEOS_DEPLOYMENT_TARGET = 8.0;
				MTL_ENABLE_DEBUG_INFO = NO;
				SDKROOT = iphoneos;
				VALIDATE_PRODUCT = YES;
			};
			name = Release;
		};
		B7DC245119F84B3D0076FB47 /* Debug */ = {
			isa = XCBuildConfiguration;
			buildSettings = {
				ASSETCATALOG_COMPILER_APPICON_NAME = AppIcon;
				INFOPLIST_FILE = FunFacts/Info.plist;
				LD_RUNPATH_SEARCH_PATHS = "$(inherited) @executable_path/Frameworks";
				PRODUCT_NAME = "$(TARGET_NAME)";
			};
			name = Debug;
		};
		B7DC245219F84B3D0076FB47 /* Release */ = {
			isa = XCBuildConfiguration;
			buildSettings = {
				ASSETCATALOG_COMPILER_APPICON_NAME = AppIcon;
				INFOPLIST_FILE = FunFacts/Info.plist;
				LD_RUNPATH_SEARCH_PATHS = "$(inherited) @executable_path/Frameworks";
				PRODUCT_NAME = "$(TARGET_NAME)";
			};
			name = Release;
		};
		B7DC245419F84B3D0076FB47 /* Debug */ = {
			isa = XCBuildConfiguration;
			buildSettings = {
				BUNDLE_LOADER = "$(TEST_HOST)";
				FRAMEWORK_SEARCH_PATHS = (
					"$(SDKROOT)/Developer/Library/Frameworks",
					"$(inherited)",
				);
				GCC_PREPROCESSOR_DEFINITIONS = (
					"DEBUG=1",
					"$(inherited)",
				);
				INFOPLIST_FILE = FunFactsTests/Info.plist;
				LD_RUNPATH_SEARCH_PATHS = "$(inherited) @executable_path/Frameworks @loader_path/Frameworks";
				PRODUCT_NAME = "$(TARGET_NAME)";
				TEST_HOST = "$(BUILT_PRODUCTS_DIR)/FunFacts.app/FunFacts";
			};
			name = Debug;
		};
		B7DC245519F84B3D0076FB47 /* Release */ = {
			isa = XCBuildConfiguration;
			buildSettings = {
				BUNDLE_LOADER = "$(TEST_HOST)";
				FRAMEWORK_SEARCH_PATHS = (
					"$(SDKROOT)/Developer/Library/Frameworks",
					"$(inherited)",
				);
				INFOPLIST_FILE = FunFactsTests/Info.plist;
				LD_RUNPATH_SEARCH_PATHS = "$(inherited) @executable_path/Frameworks @loader_path/Frameworks";
				PRODUCT_NAME = "$(TARGET_NAME)";
				TEST_HOST = "$(BUILT_PRODUCTS_DIR)/FunFacts.app/FunFacts";
			};
			name = Release;
		};
/* End XCBuildConfiguration section */

/* Begin XCConfigurationList section */
		B7DC242C19F84B3D0076FB47 /* Build configuration list for PBXProject "FunFacts" */ = {
			isa = XCConfigurationList;
			buildConfigurations = (
				B7DC244E19F84B3D0076FB47 /* Debug */,
				B7DC244F19F84B3D0076FB47 /* Release */,
			);
			defaultConfigurationIsVisible = 0;
			defaultConfigurationName = Release;
		};
		B7DC245019F84B3D0076FB47 /* Build configuration list for PBXNativeTarget "FunFacts" */ = {
			isa = XCConfigurationList;
			buildConfigurations = (
				B7DC245119F84B3D0076FB47 /* Debug */,
				B7DC245219F84B3D0076FB47 /* Release */,
			);
			defaultConfigurationIsVisible = 0;
			defaultConfigurationName = Release;
		};
		B7DC245319F84B3D0076FB47 /* Build configuration list for PBXNativeTarget "FunFactsTests" */ = {
			isa = XCConfigurationList;
			buildConfigurations = (
				B7DC245419F84B3D0076FB47 /* Debug */,
				B7DC245519F84B3D0076FB47 /* Release */,
			);
			defaultConfigurationIsVisible = 0;
			defaultConfigurationName = Release;
		};
/* End XCConfigurationList section */
	};
	rootObject = B7DC242919F84B3D0076FB47 /* Project object */;
}
